// !$*UTF8*$!
{
	archiveVersion = 1;
	classes = {
	};
	objectVersion = 46;
	objects = {

/* Begin PBXBuildFile section */
		7E293E9B1DFEFC0900AE53AC /* AppDelegate.swift in Sources */ = {isa = PBXBuildFile; fileRef = 7E293E9A1DFEFC0900AE53AC /* AppDelegate.swift */; };
		7E293E9D1DFEFC0900AE53AC /* MemeMakerViewController.swift in Sources */ = {isa = PBXBuildFile; fileRef = 7E293E9C1DFEFC0900AE53AC /* MemeMakerViewController.swift */; };
		7E293EA01DFEFC0900AE53AC /* Main.storyboard in Resources */ = {isa = PBXBuildFile; fileRef = 7E293E9E1DFEFC0900AE53AC /* Main.storyboard */; };
		7E293EA21DFEFC0900AE53AC /* Assets.xcassets in Resources */ = {isa = PBXBuildFile; fileRef = 7E293EA11DFEFC0900AE53AC /* Assets.xcassets */; };
		7E293EA51DFEFC0900AE53AC /* LaunchScreen.storyboard in Resources */ = {isa = PBXBuildFile; fileRef = 7E293EA31DFEFC0900AE53AC /* LaunchScreen.storyboard */; };
		E35456D5F6FBEBF4B351F01A /* ListViewController.swift in Sources */ = {isa = PBXBuildFile; fileRef = E35459692A7E1D9D08002943 /* ListViewController.swift */; };
		E35459F65A432160BC43CD7F /* Memes.swift in Sources */ = {isa = PBXBuildFile; fileRef = E35459566102F2FA220893FE /* Memes.swift */; };
		E3545A254A80FCC2FA31E797 /* ListViewCell.swift in Sources */ = {isa = PBXBuildFile; fileRef = E35452E12B73AF3774771BB2 /* ListViewCell.swift */; };
		E3545C2DC53E1254E23358AB /* GridViewController.swift in Sources */ = {isa = PBXBuildFile; fileRef = E354572D8B3639634AEF40E8 /* GridViewController.swift */; };
/* End PBXBuildFile section */

/* Begin PBXFileReference section */
		7E293E971DFEFC0900AE53AC /* MemeMe.app */ = {isa = PBXFileReference; explicitFileType = wrapper.application; includeInIndex = 0; path = MemeMe.app; sourceTree = BUILT_PRODUCTS_DIR; };
		7E293E9A1DFEFC0900AE53AC /* AppDelegate.swift */ = {isa = PBXFileReference; lastKnownFileType = sourcecode.swift; path = AppDelegate.swift; sourceTree = "<group>"; };
		7E293E9C1DFEFC0900AE53AC /* MemeMakerViewController.swift */ = {isa = PBXFileReference; lastKnownFileType = sourcecode.swift; path = MemeMakerViewController.swift; sourceTree = "<group>"; };
		7E293E9F1DFEFC0900AE53AC /* Base */ = {isa = PBXFileReference; lastKnownFileType = file.storyboard; name = Base; path = Base.lproj/Main.storyboard; sourceTree = "<group>"; };
		7E293EA11DFEFC0900AE53AC /* Assets.xcassets */ = {isa = PBXFileReference; lastKnownFileType = folder.assetcatalog; path = Assets.xcassets; sourceTree = "<group>"; };
		7E293EA41DFEFC0900AE53AC /* Base */ = {isa = PBXFileReference; lastKnownFileType = file.storyboard; name = Base; path = Base.lproj/LaunchScreen.storyboard; sourceTree = "<group>"; };
		7E293EA61DFEFC0900AE53AC /* Info.plist */ = {isa = PBXFileReference; lastKnownFileType = text.plist.xml; path = Info.plist; sourceTree = "<group>"; };
		E35452E12B73AF3774771BB2 /* ListViewCell.swift */ = {isa = PBXFileReference; fileEncoding = 4; lastKnownFileType = sourcecode.swift; path = ListViewCell.swift; sourceTree = "<group>"; };
		E354572D8B3639634AEF40E8 /* GridViewController.swift */ = {isa = PBXFileReference; fileEncoding = 4; lastKnownFileType = sourcecode.swift; path = GridViewController.swift; sourceTree = "<group>"; };
		E35459566102F2FA220893FE /* Memes.swift */ = {isa = PBXFileReference; fileEncoding = 4; lastKnownFileType = sourcecode.swift; path = Memes.swift; sourceTree = "<group>"; };
		E35459692A7E1D9D08002943 /* ListViewController.swift */ = {isa = PBXFileReference; fileEncoding = 4; lastKnownFileType = sourcecode.swift; path = ListViewController.swift; sourceTree = "<group>"; };
/* End PBXFileReference section */

/* Begin PBXFrameworksBuildPhase section */
		7E293E941DFEFC0900AE53AC /* Frameworks */ = {
			isa = PBXFrameworksBuildPhase;
			buildActionMask = 2147483647;
			files = (
			);
			runOnlyForDeploymentPostprocessing = 0;
		};
/* End PBXFrameworksBuildPhase section */

/* Begin PBXGroup section */
		7E293E8E1DFEFC0900AE53AC = {
			isa = PBXGroup;
			children = (
				7E293E991DFEFC0900AE53AC /* MemeMe */,
				7E293E981DFEFC0900AE53AC /* Products */,
			);
			sourceTree = "<group>";
		};
		7E293E981DFEFC0900AE53AC /* Products */ = {
			isa = PBXGroup;
			children = (
				7E293E971DFEFC0900AE53AC /* MemeMe.app */,
			);
			name = Products;
			sourceTree = "<group>";
		};
		7E293E991DFEFC0900AE53AC /* MemeMe */ = {
			isa = PBXGroup;
			children = (
				7E293E9A1DFEFC0900AE53AC /* AppDelegate.swift */,
				7E293E9C1DFEFC0900AE53AC /* MemeMakerViewController.swift */,
				7E293E9E1DFEFC0900AE53AC /* Main.storyboard */,
				7E293EA11DFEFC0900AE53AC /* Assets.xcassets */,
				7E293EA31DFEFC0900AE53AC /* LaunchScreen.storyboard */,
				7E293EA61DFEFC0900AE53AC /* Info.plist */,
				E35459566102F2FA220893FE /* Memes.swift */,
				E35459692A7E1D9D08002943 /* ListViewController.swift */,
				E354572D8B3639634AEF40E8 /* GridViewController.swift */,
				E35452E12B73AF3774771BB2 /* ListViewCell.swift */,
			);
			path = MemeMe;
			sourceTree = "<group>";
		};
/* End PBXGroup section */

/* Begin PBXNativeTarget section */
		7E293E961DFEFC0900AE53AC /* MemeMe */ = {
			isa = PBXNativeTarget;
			buildConfigurationList = 7E293EA91DFEFC0900AE53AC /* Build configuration list for PBXNativeTarget "MemeMe" */;
			buildPhases = (
				7E293E931DFEFC0900AE53AC /* Sources */,
				7E293E941DFEFC0900AE53AC /* Frameworks */,
				7E293E951DFEFC0900AE53AC /* Resources */,
			);
			buildRules = (
			);
			dependencies = (
			);
			name = MemeMe;
			productName = MemeMe;
			productReference = 7E293E971DFEFC0900AE53AC /* MemeMe.app */;
			productType = "com.apple.product-type.application";
		};
/* End PBXNativeTarget section */

/* Begin PBXProject section */
		7E293E8F1DFEFC0900AE53AC /* Project object */ = {
			isa = PBXProject;
			attributes = {
				LastSwiftUpdateCheck = 0800;
				LastUpgradeCheck = 0800;
				ORGANIZATIONNAME = "Hibbard, Samuel";
				TargetAttributes = {
					7E293E961DFEFC0900AE53AC = {
						CreatedOnToolsVersion = 8.0;
						DevelopmentTeam = 43756ZG44M;
						ProvisioningStyle = Automatic;
					};
				};
			};
			buildConfigurationList = 7E293E921DFEFC0900AE53AC /* Build configuration list for PBXProject "MemeMe" */;
			compatibilityVersion = "Xcode 3.2";
			developmentRegion = English;
			hasScannedForEncodings = 0;
			knownRegions = (
				en,
				Base,
			);
			mainGroup = 7E293E8E1DFEFC0900AE53AC;
			productRefGroup = 7E293E981DFEFC0900AE53AC /* Products */;
			projectDirPath = "";
			projectRoot = "";
			targets = (
				7E293E961DFEFC0900AE53AC /* MemeMe */,
			);
		};
/* End PBXProject section */

/* Begin PBXResourcesBuildPhase section */
		7E293E951DFEFC0900AE53AC /* Resources */ = {
			isa = PBXResourcesBuildPhase;
			buildActionMask = 2147483647;
			files = (
				7E293EA51DFEFC0900AE53AC /* LaunchScreen.storyboard in Resources */,
				7E293EA21DFEFC0900AE53AC /* Assets.xcassets in Resources */,
				7E293EA01DFEFC0900AE53AC /* Main.storyboard in Resources */,
			);
			runOnlyForDeploymentPostprocessing = 0;
		};
/* End PBXResourcesBuildPhase section */

/* Begin PBXSourcesBuildPhase section */
		7E293E931DFEFC0900AE53AC /* Sources */ = {
			isa = PBXSourcesBuildPhase;
			buildActionMask = 2147483647;
			files = (
				7E293E9D1DFEFC0900AE53AC /* MemeMakerViewController.swift in Sources */,
				7E293E9B1DFEFC0900AE53AC /* AppDelegate.swift in Sources */,
				E35459F65A432160BC43CD7F /* Memes.swift in Sources */,
				E35456D5F6FBEBF4B351F01A /* ListViewController.swift in Sources */,
				E3545C2DC53E1254E23358AB /* GridViewController.swift in Sources */,
				E3545A254A80FCC2FA31E797 /* ListViewCell.swift in Sources */,
			);
			runOnlyForDeploymentPostprocessing = 0;
		};
/* End PBXSourcesBuildPhase section */

/* Begin PBXVariantGroup section */
		7E293E9E1DFEFC0900AE53AC /* Main.storyboard */ = {
			isa = PBXVariantGroup;
			children = (
				7E293E9F1DFEFC0900AE53AC /* Base */,
			);
			name = Main.storyboard;
			sourceTree = "<group>";
		};
		7E293EA31DFEFC0900AE53AC /* LaunchScreen.storyboard */ = {
			isa = PBXVariantGroup;
			children = (
				7E293EA41DFEFC0900AE53AC /* Base */,
			);
			name = LaunchScreen.storyboard;
			sourceTree = "<group>";
		};
/* End PBXVariantGroup section */

/* Begin XCBuildConfiguration section */
		7E293EA71DFEFC0900AE53AC /* Debug */ = {
			isa = XCBuildConfiguration;
			buildSettings = {
				ALWAYS_SEARCH_USER_PATHS = NO;
				CLANG_ANALYZER_NONNULL = YES;
				CLANG_CXX_LANGUAGE_STANDARD = "gnu++0x";
				CLANG_CXX_LIBRARY = "libc++";
				CLANG_ENABLE_MODULES = YES;
				CLANG_ENABLE_OBJC_ARC = YES;
				CLANG_WARN_BOOL_CONVERSION = YES;
				CLANG_WARN_CONSTANT_CONVERSION = YES;
				CLANG_WARN_DIRECT_OBJC_ISA_USAGE = YES_ERROR;
				CLANG_WARN_DOCUMENTATION_COMMENTS = YES;
				CLANG_WARN_EMPTY_BODY = YES;
				CLANG_WARN_ENUM_CONVERSION = YES;
				CLANG_WARN_INFINITE_RECURSION = YES;
				CLANG_WARN_INT_CONVERSION = YES;
				CLANG_WARN_OBJC_ROOT_CLASS = YES_ERROR;
				CLANG_WARN_SUSPICIOUS_MOVES = YES;
				CLANG_WARN_UNREACHABLE_CODE = YES;
				CLANG_WARN__DUPLICATE_METHOD_MATCH = YES;
				"CODE_SIGN_IDENTITY[sdk=iphoneos*]" = "iPhone Developer";
				COPY_PHASE_STRIP = NO;
				DEBUG_INFORMATION_FORMAT = dwarf;
				ENABLE_STRICT_OBJC_MSGSEND = YES;
				ENABLE_TESTABILITY = YES;
				GCC_C_LANGUAGE_STANDARD = gnu99;
				GCC_DYNAMIC_NO_PIC = NO;
				GCC_NO_COMMON_BLOCKS = YES;
				GCC_OPTIMIZATION_LEVEL = 0;
				GCC_PREPROCESSOR_DEFINITIONS = (
					"DEBUG=1",
					"$(inherited)",
				);
				GCC_WARN_64_TO_32_BIT_CONVERSION = YES;
				GCC_WARN_ABOUT_RETURN_TYPE = YES_ERROR;
				GCC_WARN_UNDECLARED_SELECTOR = YES;
				GCC_WARN_UNINITIALIZED_AUTOS = YES_AGGRESSIVE;
				GCC_WARN_UNUSED_FUNCTION = YES;
				GCC_WARN_UNUSED_VARIABLE = YES;
				IPHONEOS_DEPLOYMENT_TARGET = 10.0;
				MTL_ENABLE_DEBUG_INFO = YES;
				ONLY_ACTIVE_ARCH = YES;
				SDKROOT = iphoneos;
				SWIFT_ACTIVE_COMPILATION_CONDITIONS = DEBUG;
				SWIFT_OPTIMIZATION_LEVEL = "-Onone";
			};
			name = Debug;
		};
		7E293EA81DFEFC0900AE53AC /* Release */ = {
			isa = XCBuildConfiguration;
			buildSettings = {
				ALWAYS_SEARCH_USER_PATHS = NO;
				CLANG_ANALYZER_NONNULL = YES;
				CLANG_CXX_LANGUAGE_STANDARD = "gnu++0x";
				CLANG_CXX_LIBRARY = "libc++";
				CLANG_ENABLE_MODULES = YES;
				CLANG_ENABLE_OBJC_ARC = YES;
				CLANG_WARN_BOOL_CONVERSION = YES;
				CLANG_WARN_CONSTANT_CONVERSION = YES;
				CLANG_WARN_DIRECT_OBJC_ISA_USAGE = YES_ERROR;
				CLANG_WARN_DOCUMENTATION_COMMENTS = YES;
				CLANG_WARN_EMPTY_BODY = YES;
				CLANG_WARN_ENUM_CONVERSION = YES;
				CLANG_WARN_INFINITE_RECURSION = YES;
				CLANG_WARN_INT_CONVERSION = YES;
				CLANG_WARN_OBJC_ROOT_CLASS = YES_ERROR;
				CLANG_WARN_SUSPICIOUS_MOVES = YES;
				CLANG_WARN_UNREACHABLE_CODE = YES;
				CLANG_WARN__DUPLICATE_METHOD_MATCH = YES;
				"CODE_SIGN_IDENTITY[sdk=iphoneos*]" = "iPhone Developer";
				COPY_PHASE_STRIP = NO;
				DEBUG_INFORMATION_FORMAT = "dwarf-with-dsym";
				ENABLE_NS_ASSERTIONS = NO;
				ENABLE_STRICT_OBJC_MSGSEND = YES;
				GCC_C_LANGUAGE_STANDARD = gnu99;
				GCC_NO_COMMON_BLOCKS = YES;
				GCC_WARN_64_TO_32_BIT_CONVERSION = YES;
				GCC_WARN_ABOUT_RETURN_TYPE = YES_ERROR;
				GCC_WARN_UNDECLARED_SELECTOR = YES;
				GCC_WARN_UNINITIALIZED_AUTOS = YES_AGGRESSIVE;
				GCC_WARN_UNUSED_FUNCTION = YES;
				GCC_WARN_UNUSED_VARIABLE = YES;
				IPHONEOS_DEPLOYMENT_TARGET = 10.0;
				MTL_ENABLE_DEBUG_INFO = NO;
				SDKROOT = iphoneos;
				SWIFT_OPTIMIZATION_LEVEL = "-Owholemodule";
				VALIDATE_PRODUCT = YES;
			};
			name = Release;
		};
		7E293EAA1DFEFC0900AE53AC /* Debug */ = {
			isa = XCBuildConfiguration;
			buildSettings = {
				ASSETCATALOG_COMPILER_APPICON_NAME = AppIcon;
				DEVELOPMENT_TEAM = 43756ZG44M;
				INFOPLIST_FILE = MemeMe/Info.plist;
				LD_RUNPATH_SEARCH_PATHS = "$(inherited) @executable_path/Frameworks";
				PRODUCT_BUNDLE_IDENTIFIER = com.samuel.hibbard.MemeMe;
				PRODUCT_NAME = "$(TARGET_NAME)";
				SWIFT_VERSION = 3.0;
			};
			name = Debug;
		};
		7E293EAB1DFEFC0900AE53AC /* Release */ = {
			isa = XCBuildConfiguration;
			buildSettings = {
				ASSETCATALOG_COMPILER_APPICON_NAME = AppIcon;
				DEVELOPMENT_TEAM = 43756ZG44M;
				INFOPLIST_FILE = MemeMe/Info.plist;
				LD_RUNPATH_SEARCH_PATHS = "$(inherited) @executable_path/Frameworks";
				PRODUCT_BUNDLE_IDENTIFIER = com.samuel.hibbard.MemeMe;
				PRODUCT_NAME = "$(TARGET_NAME)";
				SWIFT_VERSION = 3.0;
			};
			name = Release;
		};
/* End XCBuildConfiguration section */

/* Begin XCConfigurationList section */
		7E293E921DFEFC0900AE53AC /* Build configuration list for PBXProject "MemeMe" */ = {
			isa = XCConfigurationList;
			buildConfigurations = (
				7E293EA71DFEFC0900AE53AC /* Debug */,
				7E293EA81DFEFC0900AE53AC /* Release */,
			);
			defaultConfigurationIsVisible = 0;
			defaultConfigurationName = Release;
		};
		7E293EA91DFEFC0900AE53AC /* Build configuration list for PBXNativeTarget "MemeMe" */ = {
			isa = XCConfigurationList;
			buildConfigurations = (
				7E293EAA1DFEFC0900AE53AC /* Debug */,
				7E293EAB1DFEFC0900AE53AC /* Release */,
			);
			defaultConfigurationIsVisible = 0;
			defaultConfigurationName = Release;
		};
/* End XCConfigurationList section */
	};
	rootObject = 7E293E8F1DFEFC0900AE53AC /* Project object */;
}
